
Microsoft Visual Studio Solution File, Format Version 12.00
# Visual Studio Version 17
VisualStudioVersion = 17.14.36414.22 d17.14
MinimumVisualStudioVersion = 10.0.40219.1
Project("{888888A0-9F3D-457C-B088-3A5042F75D52}") = "ParkingTicket_D'AngeloFrancis", "ParkingTicket_D'AngeloFrancis.pyproj", "{2FAF19E7-87CE-4558-9C35-CCD1F62AA0B0}"
EndProject
Global
	GlobalSection(SolutionConfigurationPlatforms) = preSolution
		Debug|Any CPU = Debug|Any CPU
		Release|Any CPU = Release|Any CPU
	EndGlobalSection
	GlobalSection(ProjectConfigurationPlatforms) = postSolution
		{2FAF19E7-87CE-4558-9C35-CCD1F62AA0B0}.Debug|Any CPU.ActiveCfg = Debug|Any CPU
		{2FAF19E7-87CE-4558-9C35-CCD1F62AA0B0}.Release|Any CPU.ActiveCfg = Release|Any CPU
	EndGlobalSection
	GlobalSection(SolutionProperties) = preSolution
		HideSolutionNode = FALSE
	EndGlobalSection
	GlobalSection(ExtensibilityGlobals) = postSolution
		SolutionGuid = {DD7AB136-235A-4CAD-BE2E-C9DF6F0EAC6D}
	EndGlobalSection
EndGlobal
